
Microsoft Visual Studio Solution File, Format Version 12.00
# Visual Studio Version 16
VisualStudioVersion = 16.0.29926.136
MinimumVisualStudioVersion = 10.0.40219.1
Project("{FAE04EC0-301F-11D3-BF4B-00C04F79EFBC}") = "ConsoleApp1", "ConsoleApp1\ConsoleApp1.csproj", "{C60250EC-B3FB-49F1-8F98-B7E7519D3ABC}"
EndProject
Global
	GlobalSection(SolutionConfigurationPlatforms) = preSolution
		Debug|Any CPU = Debug|Any CPU
		Release|Any CPU = Release|Any CPU
	EndGlobalSection
	GlobalSection(ProjectConfigurationPlatforms) = postSolution
		{C60250EC-B3FB-49F1-8F98-B7E7519D3ABC}.Debug|Any CPU.ActiveCfg = Debug|Any CPU
		{C60250EC-B3FB-49F1-8F98-B7E7519D3ABC}.Debug|Any CPU.Build.0 = Debug|Any CPU
		{C60250EC-B3FB-49F1-8F98-B7E7519D3ABC}.Release|Any CPU.ActiveCfg = Release|Any CPU
		{C60250EC-B3FB-49F1-8F98-B7E7519D3ABC}.Release|Any CPU.Build.0 = Release|Any CPU
	EndGlobalSection
	GlobalSection(SolutionProperties) = preSolution
		HideSolutionNode = FALSE
	EndGlobalSection
	GlobalSection(ExtensibilityGlobals) = postSolution
		SolutionGuid = {70C94E04-0EF9-4F44-8FE3-4BCE9916FC34}
	EndGlobalSection
EndGlobal
