
Microsoft Visual Studio Solution File, Format Version 12.00
# Visual Studio Version 16
VisualStudioVersion = 16.0.29409.12
MinimumVisualStudioVersion = 10.0.40219.1
Project("{FAE04EC0-301F-11D3-BF4B-00C04F79EFBC}") = "CInemaApp", "CInemaApp.csproj", "{BBD64C9D-701A-4AD1-93D9-3895E2A66F58}"
EndProject
Global
	GlobalSection(SolutionConfigurationPlatforms) = preSolution
		Debug|Any CPU = Debug|Any CPU
		Release|Any CPU = Release|Any CPU
	EndGlobalSection
	GlobalSection(ProjectConfigurationPlatforms) = postSolution
		{BBD64C9D-701A-4AD1-93D9-3895E2A66F58}.Debug|Any CPU.ActiveCfg = Debug|Any CPU
		{BBD64C9D-701A-4AD1-93D9-3895E2A66F58}.Debug|Any CPU.Build.0 = Debug|Any CPU
		{BBD64C9D-701A-4AD1-93D9-3895E2A66F58}.Release|Any CPU.ActiveCfg = Release|Any CPU
		{BBD64C9D-701A-4AD1-93D9-3895E2A66F58}.Release|Any CPU.Build.0 = Release|Any CPU
	EndGlobalSection
	GlobalSection(SolutionProperties) = preSolution
		HideSolutionNode = FALSE
	EndGlobalSection
	GlobalSection(ExtensibilityGlobals) = postSolution
		SolutionGuid = {4CB8869E-B8EF-4B7E-AE4F-13BDB9FC37EF}
	EndGlobalSection
EndGlobal
